// !$*UTF8*$!
{
	archiveVersion = 1;
	classes = {
	};
	objectVersion = 52;
	objects = {

/* Begin PBXBuildFile section */
		3E98027924CC774600DA532D /* AppDelegate.swift in Sources */ = {isa = PBXBuildFile; fileRef = 3E98027824CC774600DA532D /* AppDelegate.swift */; };
		3E98027B24CC774600DA532D /* SceneDelegate.swift in Sources */ = {isa = PBXBuildFile; fileRef = 3E98027A24CC774600DA532D /* SceneDelegate.swift */; };
		3E98027D24CC774600DA532D /* ViewController.swift in Sources */ = {isa = PBXBuildFile; fileRef = 3E98027C24CC774600DA532D /* ViewController.swift */; };
		3E98028024CC774600DA532D /* Main.storyboard in Resources */ = {isa = PBXBuildFile; fileRef = 3E98027E24CC774600DA532D /* Main.storyboard */; };
		3E98028224CC774700DA532D /* Assets.xcassets in Resources */ = {isa = PBXBuildFile; fileRef = 3E98028124CC774700DA532D /* Assets.xcassets */; };
		3E98028524CC774700DA532D /* LaunchScreen.storyboard in Resources */ = {isa = PBXBuildFile; fileRef = 3E98028324CC774700DA532D /* LaunchScreen.storyboard */; };
		3E98028E24CC786A00DA532D /* WebKit.framework in Frameworks */ = {isa = PBXBuildFile; fileRef = 3E98028D24CC786A00DA532D /* WebKit.framework */; };
		3EA0634824CC818800752615 /* SwiftSoup in Frameworks */ = {isa = PBXBuildFile; productRef = 3EA0634724CC818800752615 /* SwiftSoup */; };
		3EA0634C24CD385F00752615 /* JsonController.swift in Sources */ = {isa = PBXBuildFile; fileRef = 3EA0634B24CD385F00752615 /* JsonController.swift */; };
		3EA0634E24CE13DB00752615 /* JsonSchool.swift in Sources */ = {isa = PBXBuildFile; fileRef = 3EA0634D24CE13DB00752615 /* JsonSchool.swift */; };
		3EA0635024CE148300752615 /* JsonDepartment.swift in Sources */ = {isa = PBXBuildFile; fileRef = 3EA0634F24CE148300752615 /* JsonDepartment.swift */; };
		3EA0635324CE168800752615 /* JsonSemester.swift in Sources */ = {isa = PBXBuildFile; fileRef = 3EA0635224CE168800752615 /* JsonSemester.swift */; };
		3EA0635524CE174600752615 /* JsonProfessor.swift in Sources */ = {isa = PBXBuildFile; fileRef = 3EA0635424CE174600752615 /* JsonProfessor.swift */; };
		3EA0635724CE1D5D00752615 /* JsonSession.swift in Sources */ = {isa = PBXBuildFile; fileRef = 3EA0635624CE1D5D00752615 /* JsonSession.swift */; };
		3EA0635924CE4CA600752615 /* JsonCourse.swift in Sources */ = {isa = PBXBuildFile; fileRef = 3EA0635824CE4CA600752615 /* JsonCourse.swift */; };
		3EA0635B24CE4CB500752615 /* JsonSection.swift in Sources */ = {isa = PBXBuildFile; fileRef = 3EA0635A24CE4CB500752615 /* JsonSection.swift */; };
/* End PBXBuildFile section */

/* Begin PBXFileReference section */
		3E98027524CC774600DA532D /* CourseListingParser.app */ = {isa = PBXFileReference; explicitFileType = wrapper.application; includeInIndex = 0; path = CourseListingParser.app; sourceTree = BUILT_PRODUCTS_DIR; };
		3E98027824CC774600DA532D /* AppDelegate.swift */ = {isa = PBXFileReference; lastKnownFileType = sourcecode.swift; path = AppDelegate.swift; sourceTree = "<group>"; };
		3E98027A24CC774600DA532D /* SceneDelegate.swift */ = {isa = PBXFileReference; lastKnownFileType = sourcecode.swift; path = SceneDelegate.swift; sourceTree = "<group>"; };
		3E98027C24CC774600DA532D /* ViewController.swift */ = {isa = PBXFileReference; lastKnownFileType = sourcecode.swift; path = ViewController.swift; sourceTree = "<group>"; };
		3E98027F24CC774600DA532D /* Base */ = {isa = PBXFileReference; lastKnownFileType = file.storyboard; name = Base; path = Base.lproj/Main.storyboard; sourceTree = "<group>"; };
		3E98028124CC774700DA532D /* Assets.xcassets */ = {isa = PBXFileReference; lastKnownFileType = folder.assetcatalog; path = Assets.xcassets; sourceTree = "<group>"; };
		3E98028424CC774700DA532D /* Base */ = {isa = PBXFileReference; lastKnownFileType = file.storyboard; name = Base; path = Base.lproj/LaunchScreen.storyboard; sourceTree = "<group>"; };
		3E98028624CC774700DA532D /* Info.plist */ = {isa = PBXFileReference; lastKnownFileType = text.plist.xml; path = Info.plist; sourceTree = "<group>"; };
		3E98028D24CC786A00DA532D /* WebKit.framework */ = {isa = PBXFileReference; lastKnownFileType = wrapper.framework; name = WebKit.framework; path = System/Library/Frameworks/WebKit.framework; sourceTree = SDKROOT; };
		3EA0634B24CD385F00752615 /* JsonController.swift */ = {isa = PBXFileReference; fileEncoding = 4; lastKnownFileType = sourcecode.swift; path = JsonController.swift; sourceTree = "<group>"; };
		3EA0634D24CE13DB00752615 /* JsonSchool.swift */ = {isa = PBXFileReference; lastKnownFileType = sourcecode.swift; path = JsonSchool.swift; sourceTree = "<group>"; };
		3EA0634F24CE148300752615 /* JsonDepartment.swift */ = {isa = PBXFileReference; lastKnownFileType = sourcecode.swift; path = JsonDepartment.swift; sourceTree = "<group>"; };
		3EA0635224CE168800752615 /* JsonSemester.swift */ = {isa = PBXFileReference; lastKnownFileType = sourcecode.swift; path = JsonSemester.swift; sourceTree = "<group>"; };
		3EA0635424CE174600752615 /* JsonProfessor.swift */ = {isa = PBXFileReference; lastKnownFileType = sourcecode.swift; path = JsonProfessor.swift; sourceTree = "<group>"; };
		3EA0635624CE1D5D00752615 /* JsonSession.swift */ = {isa = PBXFileReference; lastKnownFileType = sourcecode.swift; path = JsonSession.swift; sourceTree = "<group>"; };
		3EA0635824CE4CA600752615 /* JsonCourse.swift */ = {isa = PBXFileReference; lastKnownFileType = sourcecode.swift; path = JsonCourse.swift; sourceTree = "<group>"; };
		3EA0635A24CE4CB500752615 /* JsonSection.swift */ = {isa = PBXFileReference; lastKnownFileType = sourcecode.swift; path = JsonSection.swift; sourceTree = "<group>"; };
/* End PBXFileReference section */

/* Begin PBXFrameworksBuildPhase section */
		3E98027224CC774600DA532D /* Frameworks */ = {
			isa = PBXFrameworksBuildPhase;
			buildActionMask = 2147483647;
			files = (
				3E98028E24CC786A00DA532D /* WebKit.framework in Frameworks */,
				3EA0634824CC818800752615 /* SwiftSoup in Frameworks */,
			);
			runOnlyForDeploymentPostprocessing = 0;
		};
/* End PBXFrameworksBuildPhase section */

/* Begin PBXGroup section */
		3E98026C24CC774600DA532D = {
			isa = PBXGroup;
			children = (
				3E98027724CC774600DA532D /* CourseListingParser */,
				3E98027624CC774600DA532D /* Products */,
				3E98028C24CC786A00DA532D /* Frameworks */,
			);
			sourceTree = "<group>";
		};
		3E98027624CC774600DA532D /* Products */ = {
			isa = PBXGroup;
			children = (
				3E98027524CC774600DA532D /* CourseListingParser.app */,
			);
			name = Products;
			sourceTree = "<group>";
		};
		3E98027724CC774600DA532D /* CourseListingParser */ = {
			isa = PBXGroup;
			children = (
				3E98027824CC774600DA532D /* AppDelegate.swift */,
				3E98027A24CC774600DA532D /* SceneDelegate.swift */,
				3E98027C24CC774600DA532D /* ViewController.swift */,
				3EA0634B24CD385F00752615 /* JsonController.swift */,
				3EA0635124CE167200752615 /* Data Types */,
				3E98027E24CC774600DA532D /* Main.storyboard */,
				3E98028124CC774700DA532D /* Assets.xcassets */,
				3E98028324CC774700DA532D /* LaunchScreen.storyboard */,
				3E98028624CC774700DA532D /* Info.plist */,
			);
			path = CourseListingParser;
			sourceTree = "<group>";
		};
		3E98028C24CC786A00DA532D /* Frameworks */ = {
			isa = PBXGroup;
			children = (
				3E98028D24CC786A00DA532D /* WebKit.framework */,
			);
			name = Frameworks;
			sourceTree = "<group>";
		};
		3EA0635124CE167200752615 /* Data Types */ = {
			isa = PBXGroup;
			children = (
				3EA0634D24CE13DB00752615 /* JsonSchool.swift */,
				3EA0634F24CE148300752615 /* JsonDepartment.swift */,
				3EA0635424CE174600752615 /* JsonProfessor.swift */,
				3EA0635224CE168800752615 /* JsonSemester.swift */,
				3EA0635624CE1D5D00752615 /* JsonSession.swift */,
				3EA0635824CE4CA600752615 /* JsonCourse.swift */,
				3EA0635A24CE4CB500752615 /* JsonSection.swift */,
			);
			path = "Data Types";
			sourceTree = "<group>";
		};
/* End PBXGroup section */

/* Begin PBXNativeTarget section */
		3E98027424CC774600DA532D /* CourseListingParser */ = {
			isa = PBXNativeTarget;
			buildConfigurationList = 3E98028924CC774700DA532D /* Build configuration list for PBXNativeTarget "CourseListingParser" */;
			buildPhases = (
				3E98027124CC774600DA532D /* Sources */,
				3E98027224CC774600DA532D /* Frameworks */,
				3E98027324CC774600DA532D /* Resources */,
			);
			buildRules = (
			);
			dependencies = (
			);
			name = CourseListingParser;
			packageProductDependencies = (
				3EA0634724CC818800752615 /* SwiftSoup */,
			);
			productName = CourseListingParser;
			productReference = 3E98027524CC774600DA532D /* CourseListingParser.app */;
			productType = "com.apple.product-type.application";
		};
/* End PBXNativeTarget section */

/* Begin PBXProject section */
		3E98026D24CC774600DA532D /* Project object */ = {
			isa = PBXProject;
			attributes = {
				LastSwiftUpdateCheck = 1160;
				LastUpgradeCheck = 1160;
				ORGANIZATIONNAME = washu;
				TargetAttributes = {
					3E98027424CC774600DA532D = {
						CreatedOnToolsVersion = 11.6;
					};
				};
			};
			buildConfigurationList = 3E98027024CC774600DA532D /* Build configuration list for PBXProject "CourseListingParser" */;
			compatibilityVersion = "Xcode 9.3";
			developmentRegion = en;
			hasScannedForEncodings = 0;
			knownRegions = (
				en,
				Base,
			);
			mainGroup = 3E98026C24CC774600DA532D;
			packageReferences = (
				3EA0634624CC818800752615 /* XCRemoteSwiftPackageReference "SwiftSoup" */,
			);
			productRefGroup = 3E98027624CC774600DA532D /* Products */;
			projectDirPath = "";
			projectRoot = "";
			targets = (
				3E98027424CC774600DA532D /* CourseListingParser */,
			);
		};
/* End PBXProject section */

/* Begin PBXResourcesBuildPhase section */
		3E98027324CC774600DA532D /* Resources */ = {
			isa = PBXResourcesBuildPhase;
			buildActionMask = 2147483647;
			files = (
				3E98028524CC774700DA532D /* LaunchScreen.storyboard in Resources */,
				3E98028224CC774700DA532D /* Assets.xcassets in Resources */,
				3E98028024CC774600DA532D /* Main.storyboard in Resources */,
			);
			runOnlyForDeploymentPostprocessing = 0;
		};
/* End PBXResourcesBuildPhase section */

/* Begin PBXSourcesBuildPhase section */
		3E98027124CC774600DA532D /* Sources */ = {
			isa = PBXSourcesBuildPhase;
			buildActionMask = 2147483647;
			files = (
				3EA0635724CE1D5D00752615 /* JsonSession.swift in Sources */,
				3EA0635924CE4CA600752615 /* JsonCourse.swift in Sources */,
				3E98027D24CC774600DA532D /* ViewController.swift in Sources */,
				3EA0635524CE174600752615 /* JsonProfessor.swift in Sources */,
				3EA0634C24CD385F00752615 /* JsonController.swift in Sources */,
				3E98027924CC774600DA532D /* AppDelegate.swift in Sources */,
				3EA0635B24CE4CB500752615 /* JsonSection.swift in Sources */,
				3EA0635024CE148300752615 /* JsonDepartment.swift in Sources */,
				3E98027B24CC774600DA532D /* SceneDelegate.swift in Sources */,
				3EA0634E24CE13DB00752615 /* JsonSchool.swift in Sources */,
				3EA0635324CE168800752615 /* JsonSemester.swift in Sources */,
			);
			runOnlyForDeploymentPostprocessing = 0;
		};
/* End PBXSourcesBuildPhase section */

/* Begin PBXVariantGroup section */
		3E98027E24CC774600DA532D /* Main.storyboard */ = {
			isa = PBXVariantGroup;
			children = (
				3E98027F24CC774600DA532D /* Base */,
			);
			name = Main.storyboard;
			sourceTree = "<group>";
		};
		3E98028324CC774700DA532D /* LaunchScreen.storyboard */ = {
			isa = PBXVariantGroup;
			children = (
				3E98028424CC774700DA532D /* Base */,
			);
			name = LaunchScreen.storyboard;
			sourceTree = "<group>";
		};
/* End PBXVariantGroup section */

/* Begin XCBuildConfiguration section */
		3E98028724CC774700DA532D /* Debug */ = {
			isa = XCBuildConfiguration;
			buildSettings = {
				ALWAYS_SEARCH_USER_PATHS = NO;
				CLANG_ANALYZER_NONNULL = YES;
				CLANG_ANALYZER_NUMBER_OBJECT_CONVERSION = YES_AGGRESSIVE;
				CLANG_CXX_LANGUAGE_STANDARD = "gnu++14";
				CLANG_CXX_LIBRARY = "libc++";
				CLANG_ENABLE_MODULES = YES;
				CLANG_ENABLE_OBJC_ARC = YES;
				CLANG_ENABLE_OBJC_WEAK = YES;
				CLANG_WARN_BLOCK_CAPTURE_AUTORELEASING = YES;
				CLANG_WARN_BOOL_CONVERSION = YES;
				CLANG_WARN_COMMA = YES;
				CLANG_WARN_CONSTANT_CONVERSION = YES;
				CLANG_WARN_DEPRECATED_OBJC_IMPLEMENTATIONS = YES;
				CLANG_WARN_DIRECT_OBJC_ISA_USAGE = YES_ERROR;
				CLANG_WARN_DOCUMENTATION_COMMENTS = YES;
				CLANG_WARN_EMPTY_BODY = YES;
				CLANG_WARN_ENUM_CONVERSION = YES;
				CLANG_WARN_INFINITE_RECURSION = YES;
				CLANG_WARN_INT_CONVERSION = YES;
				CLANG_WARN_NON_LITERAL_NULL_CONVERSION = YES;
				CLANG_WARN_OBJC_IMPLICIT_RETAIN_SELF = YES;
				CLANG_WARN_OBJC_LITERAL_CONVERSION = YES;
				CLANG_WARN_OBJC_ROOT_CLASS = YES_ERROR;
				CLANG_WARN_RANGE_LOOP_ANALYSIS = YES;
				CLANG_WARN_STRICT_PROTOTYPES = YES;
				CLANG_WARN_SUSPICIOUS_MOVE = YES;
				CLANG_WARN_UNGUARDED_AVAILABILITY = YES_AGGRESSIVE;
				CLANG_WARN_UNREACHABLE_CODE = YES;
				CLANG_WARN__DUPLICATE_METHOD_MATCH = YES;
				COPY_PHASE_STRIP = NO;
				DEBUG_INFORMATION_FORMAT = dwarf;
				ENABLE_STRICT_OBJC_MSGSEND = YES;
				ENABLE_TESTABILITY = YES;
				GCC_C_LANGUAGE_STANDARD = gnu11;
				GCC_DYNAMIC_NO_PIC = NO;
				GCC_NO_COMMON_BLOCKS = YES;
				GCC_OPTIMIZATION_LEVEL = 0;
				GCC_PREPROCESSOR_DEFINITIONS = (
					"DEBUG=1",
					"$(inherited)",
				);
				GCC_WARN_64_TO_32_BIT_CONVERSION = YES;
				GCC_WARN_ABOUT_RETURN_TYPE = YES_ERROR;
				GCC_WARN_UNDECLARED_SELECTOR = YES;
				GCC_WARN_UNINITIALIZED_AUTOS = YES_AGGRESSIVE;
				GCC_WARN_UNUSED_FUNCTION = YES;
				GCC_WARN_UNUSED_VARIABLE = YES;
				IPHONEOS_DEPLOYMENT_TARGET = 13.6;
				MTL_ENABLE_DEBUG_INFO = INCLUDE_SOURCE;
				MTL_FAST_MATH = YES;
				ONLY_ACTIVE_ARCH = YES;
				SDKROOT = iphoneos;
				SWIFT_ACTIVE_COMPILATION_CONDITIONS = DEBUG;
				SWIFT_OPTIMIZATION_LEVEL = "-Onone";
			};
			name = Debug;
		};
		3E98028824CC774700DA532D /* Release */ = {
			isa = XCBuildConfiguration;
			buildSettings = {
				ALWAYS_SEARCH_USER_PATHS = NO;
				CLANG_ANALYZER_NONNULL = YES;
				CLANG_ANALYZER_NUMBER_OBJECT_CONVERSION = YES_AGGRESSIVE;
				CLANG_CXX_LANGUAGE_STANDARD = "gnu++14";
				CLANG_CXX_LIBRARY = "libc++";
				CLANG_ENABLE_MODULES = YES;
				CLANG_ENABLE_OBJC_ARC = YES;
				CLANG_ENABLE_OBJC_WEAK = YES;
				CLANG_WARN_BLOCK_CAPTURE_AUTORELEASING = YES;
				CLANG_WARN_BOOL_CONVERSION = YES;
				CLANG_WARN_COMMA = YES;
				CLANG_WARN_CONSTANT_CONVERSION = YES;
				CLANG_WARN_DEPRECATED_OBJC_IMPLEMENTATIONS = YES;
				CLANG_WARN_DIRECT_OBJC_ISA_USAGE = YES_ERROR;
				CLANG_WARN_DOCUMENTATION_COMMENTS = YES;
				CLANG_WARN_EMPTY_BODY = YES;
				CLANG_WARN_ENUM_CONVERSION = YES;
				CLANG_WARN_INFINITE_RECURSION = YES;
				CLANG_WARN_INT_CONVERSION = YES;
				CLANG_WARN_NON_LITERAL_NULL_CONVERSION = YES;
				CLANG_WARN_OBJC_IMPLICIT_RETAIN_SELF = YES;
				CLANG_WARN_OBJC_LITERAL_CONVERSION = YES;
				CLANG_WARN_OBJC_ROOT_CLASS = YES_ERROR;
				CLANG_WARN_RANGE_LOOP_ANALYSIS = YES;
				CLANG_WARN_STRICT_PROTOTYPES = YES;
				CLANG_WARN_SUSPICIOUS_MOVE = YES;
				CLANG_WARN_UNGUARDED_AVAILABILITY = YES_AGGRESSIVE;
				CLANG_WARN_UNREACHABLE_CODE = YES;
				CLANG_WARN__DUPLICATE_METHOD_MATCH = YES;
				COPY_PHASE_STRIP = NO;
				DEBUG_INFORMATION_FORMAT = "dwarf-with-dsym";
				ENABLE_NS_ASSERTIONS = NO;
				ENABLE_STRICT_OBJC_MSGSEND = YES;
				GCC_C_LANGUAGE_STANDARD = gnu11;
				GCC_NO_COMMON_BLOCKS = YES;
				GCC_WARN_64_TO_32_BIT_CONVERSION = YES;
				GCC_WARN_ABOUT_RETURN_TYPE = YES_ERROR;
				GCC_WARN_UNDECLARED_SELECTOR = YES;
				GCC_WARN_UNINITIALIZED_AUTOS = YES_AGGRESSIVE;
				GCC_WARN_UNUSED_FUNCTION = YES;
				GCC_WARN_UNUSED_VARIABLE = YES;
				IPHONEOS_DEPLOYMENT_TARGET = 13.6;
				MTL_ENABLE_DEBUG_INFO = NO;
				MTL_FAST_MATH = YES;
				SDKROOT = iphoneos;
				SWIFT_COMPILATION_MODE = wholemodule;
				SWIFT_OPTIMIZATION_LEVEL = "-O";
				VALIDATE_PRODUCT = YES;
			};
			name = Release;
		};
		3E98028A24CC774700DA532D /* Debug */ = {
			isa = XCBuildConfiguration;
			buildSettings = {
				ASSETCATALOG_COMPILER_APPICON_NAME = AppIcon;
				CODE_SIGN_STYLE = Automatic;
				DEVELOPMENT_TEAM = 8B7SFW8V6D;
				INFOPLIST_FILE = CourseListingParser/Info.plist;
				LD_RUNPATH_SEARCH_PATHS = (
					"$(inherited)",
					"@executable_path/Frameworks",
				);
				PRODUCT_BUNDLE_IDENTIFIER = edu.washu.CourseListingParser;
				PRODUCT_NAME = "$(TARGET_NAME)";
				SWIFT_VERSION = 5.0;
				TARGETED_DEVICE_FAMILY = "1,2";
			};
			name = Debug;
		};
		3E98028B24CC774700DA532D /* Release */ = {
			isa = XCBuildConfiguration;
			buildSettings = {
				ASSETCATALOG_COMPILER_APPICON_NAME = AppIcon;
				CODE_SIGN_STYLE = Automatic;
				DEVELOPMENT_TEAM = 8B7SFW8V6D;
				INFOPLIST_FILE = CourseListingParser/Info.plist;
				LD_RUNPATH_SEARCH_PATHS = (
					"$(inherited)",
					"@executable_path/Frameworks",
				);
				PRODUCT_BUNDLE_IDENTIFIER = edu.washu.CourseListingParser;
				PRODUCT_NAME = "$(TARGET_NAME)";
				SWIFT_VERSION = 5.0;
				TARGETED_DEVICE_FAMILY = "1,2";
			};
			name = Release;
		};
/* End XCBuildConfiguration section */

/* Begin XCConfigurationList section */
		3E98027024CC774600DA532D /* Build configuration list for PBXProject "CourseListingParser" */ = {
			isa = XCConfigurationList;
			buildConfigurations = (
				3E98028724CC774700DA532D /* Debug */,
				3E98028824CC774700DA532D /* Release */,
			);
			defaultConfigurationIsVisible = 0;
			defaultConfigurationName = Release;
		};
		3E98028924CC774700DA532D /* Build configuration list for PBXNativeTarget "CourseListingParser" */ = {
			isa = XCConfigurationList;
			buildConfigurations = (
				3E98028A24CC774700DA532D /* Debug */,
				3E98028B24CC774700DA532D /* Release */,
			);
			defaultConfigurationIsVisible = 0;
			defaultConfigurationName = Release;
		};
/* End XCConfigurationList section */

/* Begin XCRemoteSwiftPackageReference section */
		3EA0634624CC818800752615 /* XCRemoteSwiftPackageReference "SwiftSoup" */ = {
			isa = XCRemoteSwiftPackageReference;
			repositoryURL = "https://github.com/scinfu/SwiftSoup";
			requirement = {
				kind = upToNextMajorVersion;
				minimumVersion = 2.3.2;
			};
		};
/* End XCRemoteSwiftPackageReference section */

/* Begin XCSwiftPackageProductDependency section */
		3EA0634724CC818800752615 /* SwiftSoup */ = {
			isa = XCSwiftPackageProductDependency;
			package = 3EA0634624CC818800752615 /* XCRemoteSwiftPackageReference "SwiftSoup" */;
			productName = SwiftSoup;
		};
/* End XCSwiftPackageProductDependency section */
	};
	rootObject = 3E98026D24CC774600DA532D /* Project object */;
}
